<?xml version="1.0" encoding="utf-8"?>
<Project ToolsVersion="4.0" xmlns="http://schemas.microsoft.com/developer/msbuild/2003">
  <ItemGroup>
    <Filter Include="Source Files">
      <UniqueIdentifier>{4FC737F1-C7A5-4376-A066-2A32D752A2FF}</UniqueIdentifier>
      <Extensions>cpp;c;cc;cxx;def;odl;idl;hpj;bat;asm;asmx</Extensions>
    </Filter>
    <Filter Include="Header Files">
      <UniqueIdentifier>{93995380-89BD-4b04-88EB-625FBE52EBFB}</UniqueIdentifier>
      <Extensions>h;hh;hpp;hxx;hm;inl;inc;ipp;xsd</Extensions>
    </Filter>
    <Filter Include="Resource Files">
      <UniqueIdentifier>{67DA6AB6-F800-4c08-8B7A-83BB121AAD01}</UniqueIdentifier>
      <Extensions>rc;ico;cur;bmp;dlg;rc2;rct;bin;rgs;gif;jpg;jpeg;jpe;resx;tiff;tif;png;wav;mfcribbon-ms</Extensions>
    </Filter>
    <Filter Include="Source Files\input">
      <UniqueIdentifier>{7736e74b-05ce-4678-888d-f3017cf07fc7}</UniqueIdentifier>
    </Filter>
    <Filter Include="Header Files\input">
      <UniqueIdentifier>{e1c38ccd-68cd-4ea5-88c9-cd125556af36}</UniqueIdentifier>
    </Filter>
    <Filter Include="Header Files\math">
      <UniqueIdentifier>{fec56261-c37c-4e42-9c6a-ed7428c0d86f}</UniqueIdentifier>
    </Filter>
    <Filter Include="Source Files\Graphic">
      <UniqueIdentifier>{361d29ca-02e6-4ea8-aa59-ff5316a8166f}</UniqueIdentifier>
    </Filter>
    <Filter Include="Header Files\Graphic">
      <UniqueIdentifier>{04ed3b06-950b-4d99-a4e6-9c025a9a76df}</UniqueIdentifier>
    </Filter>
    <Filter Include="Header Files\buffer">
      <UniqueIdentifier>{172601f3-906e-4021-ac57-5d314c87e25a}</UniqueIdentifier>
    </Filter>
  </ItemGroup>
  <ItemGroup>
    <ClCompile Include="adapter.cpp">
      <Filter>Source Files</Filter>
    </ClCompile>
    <ClCompile Include="main.cpp">
      <Filter>Source Files</Filter>
    </ClCompile>
    <ClCompile Include="MouseClass.cpp">
      <Filter>Source Files\input</Filter>
    </ClCompile>
    <ClCompile Include="MouseEvent.cpp">
      <Filter>Source Files\input</Filter>
    </ClCompile>
    <ClCompile Include="KeyboardEvent.cpp">
      <Filter>Source Files\input</Filter>
    </ClCompile>
    <ClCompile Include="KeyboardClass.cpp">
      <Filter>Source Files\input</Filter>
    </ClCompile>
    <ClCompile Include="window.cpp">
      <Filter>Source Files</Filter>
    </ClCompile>
    <ClCompile Include="graphic.cpp">
      <Filter>Source Files\Graphic</Filter>
    </ClCompile>
    <ClCompile Include="Shaders.cpp">
      <Filter>Source Files\Graphic</Filter>
    </ClCompile>
    <ClCompile Include="Camera.cpp">
      <Filter>Source Files\Graphic</Filter>
    </ClCompile>
    <ClCompile Include="Timer.cpp">
      <Filter>Source Files</Filter>
    </ClCompile>
    <ClCompile Include="StringConverter.cpp">
      <Filter>Source Files</Filter>
    </ClCompile>
    <ClCompile Include="Model.cpp">
      <Filter>Source Files\Graphic</Filter>
    </ClCompile>
  </ItemGroup>
  <ItemGroup>
    <ClInclude Include="adapter.h">
      <Filter>Header Files</Filter>
    </ClInclude>
    <ClInclude Include="resource.h">
      <Filter>Header Files</Filter>
    </ClInclude>
    <ClInclude Include="KeyboardClass.h">
      <Filter>Header Files\input</Filter>
    </ClInclude>
    <ClInclude Include="KeyboardEvent.h">
      <Filter>Header Files\input</Filter>
    </ClInclude>
    <ClInclude Include="MouseEvent.h">
      <Filter>Header Files\input</Filter>
    </ClInclude>
    <ClInclude Include="MouseClass.h">
      <Filter>Header Files\input</Filter>
    </ClInclude>
    <ClInclude Include="window.h">
      <Filter>Header Files</Filter>
    </ClInclude>
    <ClInclude Include="graphic.h">
      <Filter>Header Files\Graphic</Filter>
    </ClInclude>
    <ClInclude Include="Vertex.h">
      <Filter>Header Files\Graphic</Filter>
    </ClInclude>
    <ClInclude Include="Shaders.h">
      <Filter>Header Files\Graphic</Filter>
    </ClInclude>
    <ClInclude Include="Camera.h">
      <Filter>Header Files\Graphic</Filter>
    </ClInclude>
    <ClInclude Include="Timer.h">
      <Filter>Header Files</Filter>
    </ClInclude>
    <ClInclude Include="StringConverter.h">
      <Filter>Header Files</Filter>
    </ClInclude>
    <ClInclude Include="Model.h">
      <Filter>Header Files\Graphic</Filter>
    </ClInclude>
    <ClInclude Include="MathFunctions.hpp">
      <Filter>Header Files\math</Filter>
    </ClInclude>
    <ClInclude Include="MathLibrary.hpp">
      <Filter>Header Files\math</Filter>
    </ClInclude>
    <ClInclude Include="Matrix4.hpp">
      <Filter>Header Files\math</Filter>
    </ClInclude>
    <ClInclude Include="Vector3.hpp">
      <Filter>Header Files\math</Filter>
    </ClInclude>
    <ClInclude Include="Vector4.hpp">
      <Filter>Header Files\math</Filter>
    </ClInclude>
    <ClInclude Include="ConstantBufferType.h">
      <Filter>Header Files\buffer</Filter>
    </ClInclude>
    <ClInclude Include="ConstantBuffer.h">
      <Filter>Header Files\buffer</Filter>
    </ClInclude>
    <ClInclude Include="vertexBuffer.h">
      <Filter>Header Files\buffer</Filter>
    </ClInclude>
    <ClInclude Include="IndexBuffer.h">
      <Filter>Header Files\buffer</Filter>
    </ClInclude>
  </ItemGroup>
  <ItemGroup>
    <FxCompile Include="pixelshader.hlsl">
      <Filter>Resource Files</Filter>
    </FxCompile>
    <FxCompile Include="vertexshader.hlsl">
      <Filter>Resource Files</Filter>
    </FxCompile>
  </ItemGroup>
</Project>